
Microsoft Visual Studio Solution File, Format Version 11.00
# Visual Studio 2010
Project("{FAE04EC0-301F-11D3-BF4B-00C04F79EFBC}") = "Assembly-CSharp", "Assembly-CSharp.csproj", "{3835968e-c4d2-ee15-581f-54a7652fa20b}"
EndProject
Project("{FAE04EC0-301F-11D3-BF4B-00C04F79EFBC}") = "Assembly-CSharp-Editor", "Assembly-CSharp-Editor.csproj", "{96f7b7ff-09a7-9c7d-c526-591b238f9694}"
EndProject
Global
	GlobalSection(SolutionConfigurationPlatforms) = preSolution
		Debug|Any CPU = Debug|Any CPU
		Release|Any CPU = Release|Any CPU
	EndGlobalSection
	GlobalSection(ProjectConfigurationPlatforms) = postSolution
		{3835968e-c4d2-ee15-581f-54a7652fa20b}.Debug|Any CPU.ActiveCfg = Debug|Any CPU
		{3835968e-c4d2-ee15-581f-54a7652fa20b}.Debug|Any CPU.Build.0 = Debug|Any CPU
		{3835968e-c4d2-ee15-581f-54a7652fa20b}.Release|Any CPU.ActiveCfg = Release|Any CPU
		{3835968e-c4d2-ee15-581f-54a7652fa20b}.Release|Any CPU.Build.0 = Release|Any CPU
		{96f7b7ff-09a7-9c7d-c526-591b238f9694}.Debug|Any CPU.ActiveCfg = Debug|Any CPU
		{96f7b7ff-09a7-9c7d-c526-591b238f9694}.Debug|Any CPU.Build.0 = Debug|Any CPU
		{96f7b7ff-09a7-9c7d-c526-591b238f9694}.Release|Any CPU.ActiveCfg = Release|Any CPU
		{96f7b7ff-09a7-9c7d-c526-591b238f9694}.Release|Any CPU.Build.0 = Release|Any CPU
	EndGlobalSection
	GlobalSection(SolutionProperties) = preSolution
		HideSolutionNode = FALSE
	EndGlobalSection
EndGlobal
